
Microsoft Visual Studio Solution File, Format Version 12.00
# Visual Studio Version 16
VisualStudioVersion = 16.0.31624.102
MinimumVisualStudioVersion = 10.0.40219.1
Project("{FAE04EC0-301F-11D3-BF4B-00C04F79EFBC}") = "OOPAndFIles", "OOPAndFIles\OOPAndFIles.csproj", "{0706B0CA-7E50-4A79-BB29-3536AE3F71C9}"
EndProject
Project("{FAE04EC0-301F-11D3-BF4B-00C04F79EFBC}") = "Frozen", "Frozen\Frozen.csproj", "{EBEF5E13-F272-444E-8FEB-276F3E9D1232}"
EndProject
Global
	GlobalSection(SolutionConfigurationPlatforms) = preSolution
		Debug|Any CPU = Debug|Any CPU
		Release|Any CPU = Release|Any CPU
	EndGlobalSection
	GlobalSection(ProjectConfigurationPlatforms) = postSolution
		{0706B0CA-7E50-4A79-BB29-3536AE3F71C9}.Debug|Any CPU.ActiveCfg = Debug|Any CPU
		{0706B0CA-7E50-4A79-BB29-3536AE3F71C9}.Debug|Any CPU.Build.0 = Debug|Any CPU
		{0706B0CA-7E50-4A79-BB29-3536AE3F71C9}.Release|Any CPU.ActiveCfg = Release|Any CPU
		{0706B0CA-7E50-4A79-BB29-3536AE3F71C9}.Release|Any CPU.Build.0 = Release|Any CPU
		{EBEF5E13-F272-444E-8FEB-276F3E9D1232}.Debug|Any CPU.ActiveCfg = Debug|Any CPU
		{EBEF5E13-F272-444E-8FEB-276F3E9D1232}.Debug|Any CPU.Build.0 = Debug|Any CPU
		{EBEF5E13-F272-444E-8FEB-276F3E9D1232}.Release|Any CPU.ActiveCfg = Release|Any CPU
		{EBEF5E13-F272-444E-8FEB-276F3E9D1232}.Release|Any CPU.Build.0 = Release|Any CPU
	EndGlobalSection
	GlobalSection(SolutionProperties) = preSolution
		HideSolutionNode = FALSE
	EndGlobalSection
	GlobalSection(ExtensibilityGlobals) = postSolution
		SolutionGuid = {A5F3B2B9-8A85-4E1D-A55C-CDC113F73DA2}
	EndGlobalSection
EndGlobal
